github.com/aws/aws-sdk-go-v2 v1.32.5 h1:U8vdWJuY7ruAkzaOdD7guwJjD06YSKmnKCJs7s3IkIo=
github.com/aws/aws-sdk-go-v2 v1.32.5/go.mod h1:P5WJBrYqqbWVaOxgH0X/FYYD47/nooaPOZPlQdmiN2U=
github.com/aws/aws-sdk-go-v2/feature/dynamodb/attributevalue v1.15.17 h1:36xxDfD/hD9cMBjANIBSr+kZ0/+IYKHql4KPGN/DvM4=
github.com/aws/aws-sdk-go-v2/feature/dynamodb/attributevalue v1.15.17/go.mod h1:A4XQVRy4yJ70Sk5Qz2tuCQX6J5kXcRa53nGP6wtgntM=
github.com/aws/aws-sdk-go-v2/service/dynamodb v1.37.1 h1:vucMirlM6D+RDU8ncKaSZ/5dGrXNajozVwpmWNPn2gQ=
github.com/aws/aws-sdk-go-v2/service/dynamodb v1.37.1/go.mod h1:fceORfs010mNxZbQhfqUjUeHlTwANmIT4mvHamuUaUg=
github.com/aws/aws-sdk-go-v2/service/dynamodbstreams v1.24.6 h1:hIl7Z1zcfdzsl5SiV32acFj4gY/cZ5Xr9wd6PpoNYGE=
github.com/aws/aws-sdk-go-v2/service/dynamodbstreams v1.24.6/go.mod h1:VswWf/9ztSHHnMP3SMtGqrFOooVXI6NTDNjTcyLQ2HY=
github.com/aws/smithy-go v1.22.1 h1:/HPHZQ0g7f4eUeK6HKglFz8uwVfZKgoI25rb/J+dnro=
github.com/aws/smithy-go v1.22.1/go.mod h1:irrKGvNn1InZwb2d7fkIRNucdfwR8R+Ts3wxYa/cJHg=
github.com/google/go-cmp v0.6.0 h1:ofyhxvXcZhMsU5ulbFiLKl/XBFqE1GSq7atu8tAmTRI=
github.com/google/go-cmp v0.6.0/go.mod h1:17dUlkBOakJ0+DkrSSNjCkIjxS6bF9zb3elmeNGIjoY=
github.com/shoenig/test v1.12.0 h1:5gu0WaxkayLUad6B/VCnBWMi5VR7oVYCw/d34SU1ed0=
github.com/shoenig/test v1.12.0/go.mod h1:UxJ6u/x2v/TNs/LoLxBNJRV9DiwBBKYxXSyczsBHFoI=
google.golang.org/protobuf v1.35.2 h1:8Ar7bF+apOIoThw1EdZl0p1oWvMqTHmpA2fRTyZO8io=
google.golang.org/protobuf v1.35.2/go.mod h1:9fA7Ob0pmnwhb644+1+CVWFRbNajQ6iRojtC/QF5bRE=
