github.com/aws/aws-sdk-go-v2 v1.31.0 h1:3V05LbxTSItI5kUqNwhJrrrY1BAXxXt0sN0l72QmG5U=
github.com/aws/aws-sdk-go-v2 v1.31.0/go.mod h1:ztolYtaEUtdpf9Wftr31CJfLVjOnD/CVRkKOOYgF8hA=
github.com/aws/aws-sdk-go-v2/feature/dynamodb/attributevalue v1.15.5 h1:ZPEBCOnAZaccLE43c9DIFOJT37kE7Rz0UH0Rfs6gdmw=
github.com/aws/aws-sdk-go-v2/feature/dynamodb/attributevalue v1.15.5/go.mod h1:BA0xSudxeIlxm3bzdRlrLbxGZ8gaa1eVR8XtXnfS3+s=
github.com/aws/aws-sdk-go-v2/service/dynamodb v1.35.0 h1:r2HJyqAyQ96FtCxG1PkcbJHymPt+LmirbNQdW2lPudM=
github.com/aws/aws-sdk-go-v2/service/dynamodb v1.35.0/go.mod h1:k5XW8MoMxsNZ20RJmsokakvENUwQyjv69R9GqrI4xdQ=
github.com/aws/aws-sdk-go-v2/service/dynamodbstreams v1.23.0 h1:cfnqKO4YLNwwlxL1OU+++dvZdoKtL4n+7r3O/5aUnP8=
github.com/aws/aws-sdk-go-v2/service/dynamodbstreams v1.23.0/go.mod h1:NZQWaOwOszI7jnQ7s1i5kN/FUAglaaJIm2htZG7BJKw=
github.com/aws/smithy-go v1.21.0 h1:H7L8dtDRk0P1Qm6y0ji7MCYMQObJ5R9CRpyPhRUkLYA=
github.com/aws/smithy-go v1.21.0/go.mod h1:irrKGvNn1InZwb2d7fkIRNucdfwR8R+Ts3wxYa/cJHg=
github.com/google/go-cmp v0.6.0 h1:ofyhxvXcZhMsU5ulbFiLKl/XBFqE1GSq7atu8tAmTRI=
github.com/google/go-cmp v0.6.0/go.mod h1:17dUlkBOakJ0+DkrSSNjCkIjxS6bF9zb3elmeNGIjoY=
github.com/shoenig/test v1.11.0 h1:NoPa5GIoBwuqzIviCrnUJa+t5Xb4xi5Z+zODJnIDsEQ=
github.com/shoenig/test v1.11.0/go.mod h1:UxJ6u/x2v/TNs/LoLxBNJRV9DiwBBKYxXSyczsBHFoI=
google.golang.org/protobuf v1.34.2 h1:6xV6lTsCfpGD21XK49h7MhtcApnLqkfYgPcdHftf6hg=
google.golang.org/protobuf v1.34.2/go.mod h1:qYOHts0dSfpeUzUFpOMr/WGzszTmLH+DiWniOlNbLDw=
