github.com/aws/aws-sdk-go-v2 v1.30.5 h1:mWSRTwQAb0aLE17dSzztCVJWI9+cRMgqebndjwDyK0g=
github.com/aws/aws-sdk-go-v2 v1.30.5/go.mod h1:CT+ZPWXbYrci8chcARI3OmI/qgd+f6WtuLOoaIA8PR0=
github.com/aws/aws-sdk-go-v2/feature/dynamodb/attributevalue v1.15.2 h1:ss2pLhKcLRqzzWR08Z3arJN1R/9gcjDbzlYHyYNZ/F0=
github.com/aws/aws-sdk-go-v2/feature/dynamodb/attributevalue v1.15.2/go.mod h1:luXuuIR1T/EQo8PO3rkxKajO0hMRa7NYUhComrBpgW0=
github.com/aws/aws-sdk-go-v2/service/dynamodb v1.34.8 h1:XTz8pSCsPiM9FpT+gTPIL6ryiu/T4Z3dpR/FBtPaBXA=
github.com/aws/aws-sdk-go-v2/service/dynamodb v1.34.8/go.mod h1:N3YdUYxyxhiuAelUgCpSVBuBI1klobJxZrDtL+olu10=
github.com/aws/aws-sdk-go-v2/service/dynamodbstreams v1.22.7 h1:VTBHXWkSeFgT3sfYB4U92qMgzHl0nz9H1tYNHHutLg0=
github.com/aws/aws-sdk-go-v2/service/dynamodbstreams v1.22.7/go.mod h1:F/ybU7YfgFcktSp+biKgiHjyscGhlZxOz4QFFQqHXGw=
github.com/aws/smithy-go v1.20.4 h1:2HK1zBdPgRbjFOHlfeQZfpC4r72MOb9bZkiFwggKO+4=
github.com/aws/smithy-go v1.20.4/go.mod h1:irrKGvNn1InZwb2d7fkIRNucdfwR8R+Ts3wxYa/cJHg=
github.com/google/go-cmp v0.6.0 h1:ofyhxvXcZhMsU5ulbFiLKl/XBFqE1GSq7atu8tAmTRI=
github.com/google/go-cmp v0.6.0/go.mod h1:17dUlkBOakJ0+DkrSSNjCkIjxS6bF9zb3elmeNGIjoY=
github.com/shoenig/test v1.10.0 h1:cf/OnhhbkMnJ0uk39OUwbY+x/OT5x20D69pdNACeBwc=
github.com/shoenig/test v1.10.0/go.mod h1:UxJ6u/x2v/TNs/LoLxBNJRV9DiwBBKYxXSyczsBHFoI=
google.golang.org/protobuf v1.34.2 h1:6xV6lTsCfpGD21XK49h7MhtcApnLqkfYgPcdHftf6hg=
google.golang.org/protobuf v1.34.2/go.mod h1:qYOHts0dSfpeUzUFpOMr/WGzszTmLH+DiWniOlNbLDw=
